
Microsoft Visual Studio Solution File, Format Version 12.00
# Visual Studio Version 17
VisualStudioVersion = 17.4.33122.133
MinimumVisualStudioVersion = 10.0.40219.1
Project("{FAE04EC0-301F-11D3-BF4B-00C04F79EFBC}") = "pruebas _de_arrays", "pruebas _de_arrays\pruebas _de_arrays.csproj", "{8269DF65-2416-4ACC-B218-32ADD7F868B3}"
EndProject
Global
	GlobalSection(SolutionConfigurationPlatforms) = preSolution
		Debug|Any CPU = Debug|Any CPU
		Release|Any CPU = Release|Any CPU
	EndGlobalSection
	GlobalSection(ProjectConfigurationPlatforms) = postSolution
		{8269DF65-2416-4ACC-B218-32ADD7F868B3}.Debug|Any CPU.ActiveCfg = Debug|Any CPU
		{8269DF65-2416-4ACC-B218-32ADD7F868B3}.Debug|Any CPU.Build.0 = Debug|Any CPU
		{8269DF65-2416-4ACC-B218-32ADD7F868B3}.Release|Any CPU.ActiveCfg = Release|Any CPU
		{8269DF65-2416-4ACC-B218-32ADD7F868B3}.Release|Any CPU.Build.0 = Release|Any CPU
	EndGlobalSection
	GlobalSection(SolutionProperties) = preSolution
		HideSolutionNode = FALSE
	EndGlobalSection
	GlobalSection(ExtensibilityGlobals) = postSolution
		SolutionGuid = {8BF247F7-5FDC-4F96-8BB0-C0EEC85B39EA}
	EndGlobalSection
EndGlobal
